{
  "name": "sap",
  "version": "1.0.1",
  "lockfileVersion": 1,
  "requires": true,
  "dependencies": {
    "angular": {
      "version": "1.6.9",
      "resolved": "https://registry.npmjs.org/angular/-/angular-1.6.9.tgz",
      "integrity": "sha512-6igWH2GIsxV+J38wNWCh8oyjaZsrIPIDO35twloIUyjlF2Yit6UyLAWujHP05ma/LFxTsx4NtYibRoMNBXPR1A=="
    },
    "angular-animate": {
      "version": "1.6.9",
      "resolved": "https://registry.npmjs.org/angular-animate/-/angular-animate-1.6.9.tgz",
      "integrity": "sha512-3/fqrmT6mJgB2O6oDvXDlNP6AJVqUXLWZq/P87Xo7Wt0JjcSmhJSQ02Yp7gm0Pkd5SXMKHICLpn/iEJPyse9fg=="
    },
    "angular-route": {
      "version": "1.6.9",
      "resolved": "https://registry.npmjs.org/angular-route/-/angular-route-1.6.9.tgz",
      "integrity": "sha512-giE0PD0T17ZvtJmAB6di27YPPSzYC1kP1BDpM2ZIGZUbs02PvJWRIgYA8z3dy9olzCS35TOwxmE2fJoHWTMm1A=="
    },
    "country-list": {
      "version": "1.1.0",
      "resolved": "https://registry.npmjs.org/country-list/-/country-list-1.1.0.tgz",
      "integrity": "sha1-PqNgiFfhdFhlfRKeHXN+TC95d1s="
    },
    "lodash": {
      "version": "4.17.5",
      "resolved": "https://registry.npmjs.org/lodash/-/lodash-4.17.5.tgz",
      "integrity": "sha512-svL3uiZf1RwhH+cWrfZn3A4+U58wbP0tGVTLQPbjplZxZ8ROD9VLuNgsRniTlLe7OlSqR79RUehXgpBW/s0IQw=="
    }
  }
}
